// !$*UTF8*$!
{
	archiveVersion = 1;
	classes = {
	};
	objectVersion = 46;
	objects = {

/* Begin PBXBuildFile section */
		B61E3DB11F3CBE9D0039DFE7 /* AppDelegate.swift in Sources */ = {isa = PBXBuildFile; fileRef = B61E3DB01F3CBE9D0039DFE7 /* AppDelegate.swift */; };
		B61E3DB31F3CBE9D0039DFE7 /* GoalViewController.swift in Sources */ = {isa = PBXBuildFile; fileRef = B61E3DB21F3CBE9D0039DFE7 /* GoalViewController.swift */; };
		B61E3DB61F3CBE9D0039DFE7 /* Main.storyboard in Resources */ = {isa = PBXBuildFile; fileRef = B61E3DB41F3CBE9D0039DFE7 /* Main.storyboard */; };
		B61E3DB91F3CBE9D0039DFE7 /* MoneyTarget.xcdatamodeld in Sources */ = {isa = PBXBuildFile; fileRef = B61E3DB71F3CBE9D0039DFE7 /* MoneyTarget.xcdatamodeld */; };
		B61E3DBB1F3CBE9D0039DFE7 /* Assets.xcassets in Resources */ = {isa = PBXBuildFile; fileRef = B61E3DBA1F3CBE9D0039DFE7 /* Assets.xcassets */; };
		B61E3DBE1F3CBE9D0039DFE7 /* LaunchScreen.storyboard in Resources */ = {isa = PBXBuildFile; fileRef = B61E3DBC1F3CBE9D0039DFE7 /* LaunchScreen.storyboard */; };
		B61E3DC91F3CBE9D0039DFE7 /* MoneyTargetTests.swift in Sources */ = {isa = PBXBuildFile; fileRef = B61E3DC81F3CBE9D0039DFE7 /* MoneyTargetTests.swift */; };
		B61E3DD41F3CBE9D0039DFE7 /* MoneyTargetUITests.swift in Sources */ = {isa = PBXBuildFile; fileRef = B61E3DD31F3CBE9D0039DFE7 /* MoneyTargetUITests.swift */; };
		B61E3DE21F3CC3CA0039DFE7 /* InformationViewController.swift in Sources */ = {isa = PBXBuildFile; fileRef = B61E3DE11F3CC3CA0039DFE7 /* InformationViewController.swift */; };
/* End PBXBuildFile section */

/* Begin PBXContainerItemProxy section */
		B61E3DC51F3CBE9D0039DFE7 /* PBXContainerItemProxy */ = {
			isa = PBXContainerItemProxy;
			containerPortal = B61E3DA51F3CBE9D0039DFE7 /* Project object */;
			proxyType = 1;
			remoteGlobalIDString = B61E3DAC1F3CBE9D0039DFE7;
			remoteInfo = MoneyTarget;
		};
		B61E3DD01F3CBE9D0039DFE7 /* PBXContainerItemProxy */ = {
			isa = PBXContainerItemProxy;
			containerPortal = B61E3DA51F3CBE9D0039DFE7 /* Project object */;
			proxyType = 1;
			remoteGlobalIDString = B61E3DAC1F3CBE9D0039DFE7;
			remoteInfo = MoneyTarget;
		};
/* End PBXContainerItemProxy section */

/* Begin PBXFileReference section */
		B61E3DAD1F3CBE9D0039DFE7 /* MoneyTarget.app */ = {isa = PBXFileReference; explicitFileType = wrapper.application; includeInIndex = 0; path = MoneyTarget.app; sourceTree = BUILT_PRODUCTS_DIR; };
		B61E3DB01F3CBE9D0039DFE7 /* AppDelegate.swift */ = {isa = PBXFileReference; lastKnownFileType = sourcecode.swift; path = AppDelegate.swift; sourceTree = "<group>"; };
		B61E3DB21F3CBE9D0039DFE7 /* GoalViewController.swift */ = {isa = PBXFileReference; lastKnownFileType = sourcecode.swift; path = GoalViewController.swift; sourceTree = "<group>"; };
		B61E3DB51F3CBE9D0039DFE7 /* Base */ = {isa = PBXFileReference; lastKnownFileType = file.storyboard; name = Base; path = Base.lproj/Main.storyboard; sourceTree = "<group>"; };
		B61E3DB81F3CBE9D0039DFE7 /* MoneyTarget.xcdatamodel */ = {isa = PBXFileReference; lastKnownFileType = wrapper.xcdatamodel; path = MoneyTarget.xcdatamodel; sourceTree = "<group>"; };
		B61E3DBA1F3CBE9D0039DFE7 /* Assets.xcassets */ = {isa = PBXFileReference; lastKnownFileType = folder.assetcatalog; path = Assets.xcassets; sourceTree = "<group>"; };
		B61E3DBD1F3CBE9D0039DFE7 /* Base */ = {isa = PBXFileReference; lastKnownFileType = file.storyboard; name = Base; path = Base.lproj/LaunchScreen.storyboard; sourceTree = "<group>"; };
		B61E3DBF1F3CBE9D0039DFE7 /* Info.plist */ = {isa = PBXFileReference; lastKnownFileType = text.plist.xml; path = Info.plist; sourceTree = "<group>"; };
		B61E3DC41F3CBE9D0039DFE7 /* MoneyTargetTests.xctest */ = {isa = PBXFileReference; explicitFileType = wrapper.cfbundle; includeInIndex = 0; path = MoneyTargetTests.xctest; sourceTree = BUILT_PRODUCTS_DIR; };
		B61E3DC81F3CBE9D0039DFE7 /* MoneyTargetTests.swift */ = {isa = PBXFileReference; lastKnownFileType = sourcecode.swift; path = MoneyTargetTests.swift; sourceTree = "<group>"; };
		B61E3DCA1F3CBE9D0039DFE7 /* Info.plist */ = {isa = PBXFileReference; lastKnownFileType = text.plist.xml; path = Info.plist; sourceTree = "<group>"; };
		B61E3DCF1F3CBE9D0039DFE7 /* MoneyTargetUITests.xctest */ = {isa = PBXFileReference; explicitFileType = wrapper.cfbundle; includeInIndex = 0; path = MoneyTargetUITests.xctest; sourceTree = BUILT_PRODUCTS_DIR; };
		B61E3DD31F3CBE9D0039DFE7 /* MoneyTargetUITests.swift */ = {isa = PBXFileReference; lastKnownFileType = sourcecode.swift; path = MoneyTargetUITests.swift; sourceTree = "<group>"; };
		B61E3DD51F3CBE9D0039DFE7 /* Info.plist */ = {isa = PBXFileReference; lastKnownFileType = text.plist.xml; path = Info.plist; sourceTree = "<group>"; };
		B61E3DE11F3CC3CA0039DFE7 /* InformationViewController.swift */ = {isa = PBXFileReference; fileEncoding = 4; lastKnownFileType = sourcecode.swift; path = InformationViewController.swift; sourceTree = "<group>"; };
/* End PBXFileReference section */

/* Begin PBXFrameworksBuildPhase section */
		B61E3DAA1F3CBE9D0039DFE7 /* Frameworks */ = {
			isa = PBXFrameworksBuildPhase;
			buildActionMask = 2147483647;
			files = (
			);
			runOnlyForDeploymentPostprocessing = 0;
		};
		B61E3DC11F3CBE9D0039DFE7 /* Frameworks */ = {
			isa = PBXFrameworksBuildPhase;
			buildActionMask = 2147483647;
			files = (
			);
			runOnlyForDeploymentPostprocessing = 0;
		};
		B61E3DCC1F3CBE9D0039DFE7 /* Frameworks */ = {
			isa = PBXFrameworksBuildPhase;
			buildActionMask = 2147483647;
			files = (
			);
			runOnlyForDeploymentPostprocessing = 0;
		};
/* End PBXFrameworksBuildPhase section */

/* Begin PBXGroup section */
		B61E3DA41F3CBE9D0039DFE7 = {
			isa = PBXGroup;
			children = (
				B61E3DAF1F3CBE9D0039DFE7 /* MoneyTarget */,
				B61E3DC71F3CBE9D0039DFE7 /* MoneyTargetTests */,
				B61E3DD21F3CBE9D0039DFE7 /* MoneyTargetUITests */,
				B61E3DAE1F3CBE9D0039DFE7 /* Products */,
			);
			sourceTree = "<group>";
		};
		B61E3DAE1F3CBE9D0039DFE7 /* Products */ = {
			isa = PBXGroup;
			children = (
				B61E3DAD1F3CBE9D0039DFE7 /* MoneyTarget.app */,
				B61E3DC41F3CBE9D0039DFE7 /* MoneyTargetTests.xctest */,
				B61E3DCF1F3CBE9D0039DFE7 /* MoneyTargetUITests.xctest */,
			);
			name = Products;
			sourceTree = "<group>";
		};
		B61E3DAF1F3CBE9D0039DFE7 /* MoneyTarget */ = {
			isa = PBXGroup;
			children = (
				B61E3DB01F3CBE9D0039DFE7 /* AppDelegate.swift */,
				B61E3DB21F3CBE9D0039DFE7 /* GoalViewController.swift */,
				B61E3DE11F3CC3CA0039DFE7 /* InformationViewController.swift */,
				B61E3DB41F3CBE9D0039DFE7 /* Main.storyboard */,
				B61E3DBA1F3CBE9D0039DFE7 /* Assets.xcassets */,
				B61E3DBC1F3CBE9D0039DFE7 /* LaunchScreen.storyboard */,
				B61E3DBF1F3CBE9D0039DFE7 /* Info.plist */,
				B61E3DB71F3CBE9D0039DFE7 /* MoneyTarget.xcdatamodeld */,
			);
			path = MoneyTarget;
			sourceTree = "<group>";
		};
		B61E3DC71F3CBE9D0039DFE7 /* MoneyTargetTests */ = {
			isa = PBXGroup;
			children = (
				B61E3DC81F3CBE9D0039DFE7 /* MoneyTargetTests.swift */,
				B61E3DCA1F3CBE9D0039DFE7 /* Info.plist */,
			);
			path = MoneyTargetTests;
			sourceTree = "<group>";
		};
		B61E3DD21F3CBE9D0039DFE7 /* MoneyTargetUITests */ = {
			isa = PBXGroup;
			children = (
				B61E3DD31F3CBE9D0039DFE7 /* MoneyTargetUITests.swift */,
				B61E3DD51F3CBE9D0039DFE7 /* Info.plist */,
			);
			path = MoneyTargetUITests;
			sourceTree = "<group>";
		};
/* End PBXGroup section */

/* Begin PBXNativeTarget section */
		B61E3DAC1F3CBE9D0039DFE7 /* MoneyTarget */ = {
			isa = PBXNativeTarget;
			buildConfigurationList = B61E3DD81F3CBE9D0039DFE7 /* Build configuration list for PBXNativeTarget "MoneyTarget" */;
			buildPhases = (
				B61E3DA91F3CBE9D0039DFE7 /* Sources */,
				B61E3DAA1F3CBE9D0039DFE7 /* Frameworks */,
				B61E3DAB1F3CBE9D0039DFE7 /* Resources */,
			);
			buildRules = (
			);
			dependencies = (
			);
			name = MoneyTarget;
			productName = MoneyTarget;
			productReference = B61E3DAD1F3CBE9D0039DFE7 /* MoneyTarget.app */;
			productType = "com.apple.product-type.application";
		};
		B61E3DC31F3CBE9D0039DFE7 /* MoneyTargetTests */ = {
			isa = PBXNativeTarget;
			buildConfigurationList = B61E3DDB1F3CBE9D0039DFE7 /* Build configuration list for PBXNativeTarget "MoneyTargetTests" */;
			buildPhases = (
				B61E3DC01F3CBE9D0039DFE7 /* Sources */,
				B61E3DC11F3CBE9D0039DFE7 /* Frameworks */,
				B61E3DC21F3CBE9D0039DFE7 /* Resources */,
			);
			buildRules = (
			);
			dependencies = (
				B61E3DC61F3CBE9D0039DFE7 /* PBXTargetDependency */,
			);
			name = MoneyTargetTests;
			productName = MoneyTargetTests;
			productReference = B61E3DC41F3CBE9D0039DFE7 /* MoneyTargetTests.xctest */;
			productType = "com.apple.product-type.bundle.unit-test";
		};
		B61E3DCE1F3CBE9D0039DFE7 /* MoneyTargetUITests */ = {
			isa = PBXNativeTarget;
			buildConfigurationList = B61E3DDE1F3CBE9D0039DFE7 /* Build configuration list for PBXNativeTarget "MoneyTargetUITests" */;
			buildPhases = (
				B61E3DCB1F3CBE9D0039DFE7 /* Sources */,
				B61E3DCC1F3CBE9D0039DFE7 /* Frameworks */,
				B61E3DCD1F3CBE9D0039DFE7 /* Resources */,
			);
			buildRules = (
			);
			dependencies = (
				B61E3DD11F3CBE9D0039DFE7 /* PBXTargetDependency */,
			);
			name = MoneyTargetUITests;
			productName = MoneyTargetUITests;
			productReference = B61E3DCF1F3CBE9D0039DFE7 /* MoneyTargetUITests.xctest */;
			productType = "com.apple.product-type.bundle.ui-testing";
		};
/* End PBXNativeTarget section */

/* Begin PBXProject section */
		B61E3DA51F3CBE9D0039DFE7 /* Project object */ = {
			isa = PBXProject;
			attributes = {
				LastSwiftUpdateCheck = 0830;
				LastUpgradeCheck = 0900;
				ORGANIZATIONNAME = "Matt Peatling";
				TargetAttributes = {
					B61E3DAC1F3CBE9D0039DFE7 = {
						CreatedOnToolsVersion = 8.3.3;
						DevelopmentTeam = S3WZ93TWSZ;
						ProvisioningStyle = Automatic;
					};
					B61E3DC31F3CBE9D0039DFE7 = {
						CreatedOnToolsVersion = 8.3.3;
						ProvisioningStyle = Automatic;
						TestTargetID = B61E3DAC1F3CBE9D0039DFE7;
					};
					B61E3DCE1F3CBE9D0039DFE7 = {
						CreatedOnToolsVersion = 8.3.3;
						ProvisioningStyle = Automatic;
						TestTargetID = B61E3DAC1F3CBE9D0039DFE7;
					};
				};
			};
			buildConfigurationList = B61E3DA81F3CBE9D0039DFE7 /* Build configuration list for PBXProject "MoneyTarget" */;
			compatibilityVersion = "Xcode 3.2";
			developmentRegion = English;
			hasScannedForEncodings = 0;
			knownRegions = (
				en,
				Base,
			);
			mainGroup = B61E3DA41F3CBE9D0039DFE7;
			productRefGroup = B61E3DAE1F3CBE9D0039DFE7 /* Products */;
			projectDirPath = "";
			projectRoot = "";
			targets = (
				B61E3DAC1F3CBE9D0039DFE7 /* MoneyTarget */,
				B61E3DC31F3CBE9D0039DFE7 /* MoneyTargetTests */,
				B61E3DCE1F3CBE9D0039DFE7 /* MoneyTargetUITests */,
			);
		};
/* End PBXProject section */

/* Begin PBXResourcesBuildPhase section */
		B61E3DAB1F3CBE9D0039DFE7 /* Resources */ = {
			isa = PBXResourcesBuildPhase;
			buildActionMask = 2147483647;
			files = (
				B61E3DBE1F3CBE9D0039DFE7 /* LaunchScreen.storyboard in Resources */,
				B61E3DBB1F3CBE9D0039DFE7 /* Assets.xcassets in Resources */,
				B61E3DB61F3CBE9D0039DFE7 /* Main.storyboard in Resources */,
			);
			runOnlyForDeploymentPostprocessing = 0;
		};
		B61E3DC21F3CBE9D0039DFE7 /* Resources */ = {
			isa = PBXResourcesBuildPhase;
			buildActionMask = 2147483647;
			files = (
			);
			runOnlyForDeploymentPostprocessing = 0;
		};
		B61E3DCD1F3CBE9D0039DFE7 /* Resources */ = {
			isa = PBXResourcesBuildPhase;
			buildActionMask = 2147483647;
			files = (
			);
			runOnlyForDeploymentPostprocessing = 0;
		};
/* End PBXResourcesBuildPhase section */

/* Begin PBXSourcesBuildPhase section */
		B61E3DA91F3CBE9D0039DFE7 /* Sources */ = {
			isa = PBXSourcesBuildPhase;
			buildActionMask = 2147483647;
			files = (
				B61E3DB91F3CBE9D0039DFE7 /* MoneyTarget.xcdatamodeld in Sources */,
				B61E3DB31F3CBE9D0039DFE7 /* GoalViewController.swift in Sources */,
				B61E3DB11F3CBE9D0039DFE7 /* AppDelegate.swift in Sources */,
				B61E3DE21F3CC3CA0039DFE7 /* InformationViewController.swift in Sources */,
			);
			runOnlyForDeploymentPostprocessing = 0;
		};
		B61E3DC01F3CBE9D0039DFE7 /* Sources */ = {
			isa = PBXSourcesBuildPhase;
			buildActionMask = 2147483647;
			files = (
				B61E3DC91F3CBE9D0039DFE7 /* MoneyTargetTests.swift in Sources */,
			);
			runOnlyForDeploymentPostprocessing = 0;
		};
		B61E3DCB1F3CBE9D0039DFE7 /* Sources */ = {
			isa = PBXSourcesBuildPhase;
			buildActionMask = 2147483647;
			files = (
				B61E3DD41F3CBE9D0039DFE7 /* MoneyTargetUITests.swift in Sources */,
			);
			runOnlyForDeploymentPostprocessing = 0;
		};
/* End PBXSourcesBuildPhase section */

/* Begin PBXTargetDependency section */
		B61E3DC61F3CBE9D0039DFE7 /* PBXTargetDependency */ = {
			isa = PBXTargetDependency;
			target = B61E3DAC1F3CBE9D0039DFE7 /* MoneyTarget */;
			targetProxy = B61E3DC51F3CBE9D0039DFE7 /* PBXContainerItemProxy */;
		};
		B61E3DD11F3CBE9D0039DFE7 /* PBXTargetDependency */ = {
			isa = PBXTargetDependency;
			target = B61E3DAC1F3CBE9D0039DFE7 /* MoneyTarget */;
			targetProxy = B61E3DD01F3CBE9D0039DFE7 /* PBXContainerItemProxy */;
		};
/* End PBXTargetDependency section */

/* Begin PBXVariantGroup section */
		B61E3DB41F3CBE9D0039DFE7 /* Main.storyboard */ = {
			isa = PBXVariantGroup;
			children = (
				B61E3DB51F3CBE9D0039DFE7 /* Base */,
			);
			name = Main.storyboard;
			sourceTree = "<group>";
		};
		B61E3DBC1F3CBE9D0039DFE7 /* LaunchScreen.storyboard */ = {
			isa = PBXVariantGroup;
			children = (
				B61E3DBD1F3CBE9D0039DFE7 /* Base */,
			);
			name = LaunchScreen.storyboard;
			sourceTree = "<group>";
		};
/* End PBXVariantGroup section */

/* Begin XCBuildConfiguration section */
		B61E3DD61F3CBE9D0039DFE7 /* Debug */ = {
			isa = XCBuildConfiguration;
			buildSettings = {
				ALWAYS_SEARCH_USER_PATHS = NO;
				CLANG_ANALYZER_NONNULL = YES;
				CLANG_ANALYZER_NUMBER_OBJECT_CONVERSION = YES_AGGRESSIVE;
				CLANG_CXX_LANGUAGE_STANDARD = "gnu++0x";
				CLANG_CXX_LIBRARY = "libc++";
				CLANG_ENABLE_MODULES = YES;
				CLANG_ENABLE_OBJC_ARC = YES;
				CLANG_WARN_BLOCK_CAPTURE_AUTORELEASING = YES;
				CLANG_WARN_BOOL_CONVERSION = YES;
				CLANG_WARN_COMMA = YES;
				CLANG_WARN_CONSTANT_CONVERSION = YES;
				CLANG_WARN_DIRECT_OBJC_ISA_USAGE = YES_ERROR;
				CLANG_WARN_DOCUMENTATION_COMMENTS = YES;
				CLANG_WARN_EMPTY_BODY = YES;
				CLANG_WARN_ENUM_CONVERSION = YES;
				CLANG_WARN_INFINITE_RECURSION = YES;
				CLANG_WARN_INT_CONVERSION = YES;
				CLANG_WARN_NON_LITERAL_NULL_CONVERSION = YES;
				CLANG_WARN_OBJC_LITERAL_CONVERSION = YES;
				CLANG_WARN_OBJC_ROOT_CLASS = YES_ERROR;
				CLANG_WARN_RANGE_LOOP_ANALYSIS = YES;
				CLANG_WARN_STRICT_PROTOTYPES = YES;
				CLANG_WARN_SUSPICIOUS_MOVE = YES;
				CLANG_WARN_UNREACHABLE_CODE = YES;
				CLANG_WARN__DUPLICATE_METHOD_MATCH = YES;
				"CODE_SIGN_IDENTITY[sdk=iphoneos*]" = "iPhone Developer";
				COPY_PHASE_STRIP = NO;
				DEBUG_INFORMATION_FORMAT = dwarf;
				ENABLE_STRICT_OBJC_MSGSEND = YES;
				ENABLE_TESTABILITY = YES;
				GCC_C_LANGUAGE_STANDARD = gnu99;
				GCC_DYNAMIC_NO_PIC = NO;
				GCC_NO_COMMON_BLOCKS = YES;
				GCC_OPTIMIZATION_LEVEL = 0;
				GCC_PREPROCESSOR_DEFINITIONS = (
					"DEBUG=1",
					"$(inherited)",
				);
				GCC_WARN_64_TO_32_BIT_CONVERSION = YES;
				GCC_WARN_ABOUT_RETURN_TYPE = YES_ERROR;
				GCC_WARN_UNDECLARED_SELECTOR = YES;
				GCC_WARN_UNINITIALIZED_AUTOS = YES_AGGRESSIVE;
				GCC_WARN_UNUSED_FUNCTION = YES;
				GCC_WARN_UNUSED_VARIABLE = YES;
				IPHONEOS_DEPLOYMENT_TARGET = 10.3;
				MTL_ENABLE_DEBUG_INFO = YES;
				ONLY_ACTIVE_ARCH = YES;
				SDKROOT = iphoneos;
				SWIFT_ACTIVE_COMPILATION_CONDITIONS = DEBUG;
				SWIFT_OPTIMIZATION_LEVEL = "-Onone";
				TARGETED_DEVICE_FAMILY = "1,2";
			};
			name = Debug;
		};
		B61E3DD71F3CBE9D0039DFE7 /* Release */ = {
			isa = XCBuildConfiguration;
			buildSettings = {
				ALWAYS_SEARCH_USER_PATHS = NO;
				CLANG_ANALYZER_NONNULL = YES;
				CLANG_ANALYZER_NUMBER_OBJECT_CONVERSION = YES_AGGRESSIVE;
				CLANG_CXX_LANGUAGE_STANDARD = "gnu++0x";
				CLANG_CXX_LIBRARY = "libc++";
				CLANG_ENABLE_MODULES = YES;
				CLANG_ENABLE_OBJC_ARC = YES;
				CLANG_WARN_BLOCK_CAPTURE_AUTORELEASING = YES;
				CLANG_WARN_BOOL_CONVERSION = YES;
				CLANG_WARN_COMMA = YES;
				CLANG_WARN_CONSTANT_CONVERSION = YES;
				CLANG_WARN_DIRECT_OBJC_ISA_USAGE = YES_ERROR;
				CLANG_WARN_DOCUMENTATION_COMMENTS = YES;
				CLANG_WARN_EMPTY_BODY = YES;
				CLANG_WARN_ENUM_CONVERSION = YES;
				CLANG_WARN_INFINITE_RECURSION = YES;
				CLANG_WARN_INT_CONVERSION = YES;
				CLANG_WARN_NON_LITERAL_NULL_CONVERSION = YES;
				CLANG_WARN_OBJC_LITERAL_CONVERSION = YES;
				CLANG_WARN_OBJC_ROOT_CLASS = YES_ERROR;
				CLANG_WARN_RANGE_LOOP_ANALYSIS = YES;
				CLANG_WARN_STRICT_PROTOTYPES = YES;
				CLANG_WARN_SUSPICIOUS_MOVE = YES;
				CLANG_WARN_UNREACHABLE_CODE = YES;
				CLANG_WARN__DUPLICATE_METHOD_MATCH = YES;
				"CODE_SIGN_IDENTITY[sdk=iphoneos*]" = "iPhone Developer";
				COPY_PHASE_STRIP = NO;
				DEBUG_INFORMATION_FORMAT = "dwarf-with-dsym";
				ENABLE_NS_ASSERTIONS = NO;
				ENABLE_STRICT_OBJC_MSGSEND = YES;
				GCC_C_LANGUAGE_STANDARD = gnu99;
				GCC_NO_COMMON_BLOCKS = YES;
				GCC_WARN_64_TO_32_BIT_CONVERSION = YES;
				GCC_WARN_ABOUT_RETURN_TYPE = YES_ERROR;
				GCC_WARN_UNDECLARED_SELECTOR = YES;
				GCC_WARN_UNINITIALIZED_AUTOS = YES_AGGRESSIVE;
				GCC_WARN_UNUSED_FUNCTION = YES;
				GCC_WARN_UNUSED_VARIABLE = YES;
				IPHONEOS_DEPLOYMENT_TARGET = 10.3;
				MTL_ENABLE_DEBUG_INFO = NO;
				SDKROOT = iphoneos;
				SWIFT_OPTIMIZATION_LEVEL = "-Owholemodule";
				TARGETED_DEVICE_FAMILY = "1,2";
				VALIDATE_PRODUCT = YES;
			};
			name = Release;
		};
		B61E3DD91F3CBE9D0039DFE7 /* Debug */ = {
			isa = XCBuildConfiguration;
			buildSettings = {
				ASSETCATALOG_COMPILER_APPICON_NAME = AppIcon;
				DEVELOPMENT_TEAM = S3WZ93TWSZ;
				INFOPLIST_FILE = MoneyTarget/Info.plist;
				LD_RUNPATH_SEARCH_PATHS = "$(inherited) @executable_path/Frameworks";
				PRODUCT_BUNDLE_IDENTIFIER = mpeatling.MoneyTarget;
				PRODUCT_NAME = "$(TARGET_NAME)";
				SWIFT_VERSION = 3.0;
			};
			name = Debug;
		};
		B61E3DDA1F3CBE9D0039DFE7 /* Release */ = {
			isa = XCBuildConfiguration;
			buildSettings = {
				ASSETCATALOG_COMPILER_APPICON_NAME = AppIcon;
				DEVELOPMENT_TEAM = S3WZ93TWSZ;
				INFOPLIST_FILE = MoneyTarget/Info.plist;
				LD_RUNPATH_SEARCH_PATHS = "$(inherited) @executable_path/Frameworks";
				PRODUCT_BUNDLE_IDENTIFIER = mpeatling.MoneyTarget;
				PRODUCT_NAME = "$(TARGET_NAME)";
				SWIFT_VERSION = 3.0;
			};
			name = Release;
		};
		B61E3DDC1F3CBE9D0039DFE7 /* Debug */ = {
			isa = XCBuildConfiguration;
			buildSettings = {
				ALWAYS_EMBED_SWIFT_STANDARD_LIBRARIES = YES;
				BUNDLE_LOADER = "$(TEST_HOST)";
				INFOPLIST_FILE = MoneyTargetTests/Info.plist;
				LD_RUNPATH_SEARCH_PATHS = "$(inherited) @executable_path/Frameworks @loader_path/Frameworks";
				PRODUCT_BUNDLE_IDENTIFIER = mpeatling.MoneyTargetTests;
				PRODUCT_NAME = "$(TARGET_NAME)";
				SWIFT_VERSION = 3.0;
				TEST_HOST = "$(BUILT_PRODUCTS_DIR)/MoneyTarget.app/MoneyTarget";
			};
			name = Debug;
		};
		B61E3DDD1F3CBE9D0039DFE7 /* Release */ = {
			isa = XCBuildConfiguration;
			buildSettings = {
				ALWAYS_EMBED_SWIFT_STANDARD_LIBRARIES = YES;
				BUNDLE_LOADER = "$(TEST_HOST)";
				INFOPLIST_FILE = MoneyTargetTests/Info.plist;
				LD_RUNPATH_SEARCH_PATHS = "$(inherited) @executable_path/Frameworks @loader_path/Frameworks";
				PRODUCT_BUNDLE_IDENTIFIER = mpeatling.MoneyTargetTests;
				PRODUCT_NAME = "$(TARGET_NAME)";
				SWIFT_VERSION = 3.0;
				TEST_HOST = "$(BUILT_PRODUCTS_DIR)/MoneyTarget.app/MoneyTarget";
			};
			name = Release;
		};
		B61E3DDF1F3CBE9D0039DFE7 /* Debug */ = {
			isa = XCBuildConfiguration;
			buildSettings = {
				ALWAYS_EMBED_SWIFT_STANDARD_LIBRARIES = YES;
				INFOPLIST_FILE = MoneyTargetUITests/Info.plist;
				LD_RUNPATH_SEARCH_PATHS = "$(inherited) @executable_path/Frameworks @loader_path/Frameworks";
				PRODUCT_BUNDLE_IDENTIFIER = mpeatling.MoneyTargetUITests;
				PRODUCT_NAME = "$(TARGET_NAME)";
				SWIFT_VERSION = 3.0;
				TEST_TARGET_NAME = MoneyTarget;
			};
			name = Debug;
		};
		B61E3DE01F3CBE9D0039DFE7 /* Release */ = {
			isa = XCBuildConfiguration;
			buildSettings = {
				ALWAYS_EMBED_SWIFT_STANDARD_LIBRARIES = YES;
				INFOPLIST_FILE = MoneyTargetUITests/Info.plist;
				LD_RUNPATH_SEARCH_PATHS = "$(inherited) @executable_path/Frameworks @loader_path/Frameworks";
				PRODUCT_BUNDLE_IDENTIFIER = mpeatling.MoneyTargetUITests;
				PRODUCT_NAME = "$(TARGET_NAME)";
				SWIFT_VERSION = 3.0;
				TEST_TARGET_NAME = MoneyTarget;
			};
			name = Release;
		};
/* End XCBuildConfiguration section */

/* Begin XCConfigurationList section */
		B61E3DA81F3CBE9D0039DFE7 /* Build configuration list for PBXProject "MoneyTarget" */ = {
			isa = XCConfigurationList;
			buildConfigurations = (
				B61E3DD61F3CBE9D0039DFE7 /* Debug */,
				B61E3DD71F3CBE9D0039DFE7 /* Release */,
			);
			defaultConfigurationIsVisible = 0;
			defaultConfigurationName = Release;
		};
		B61E3DD81F3CBE9D0039DFE7 /* Build configuration list for PBXNativeTarget "MoneyTarget" */ = {
			isa = XCConfigurationList;
			buildConfigurations = (
				B61E3DD91F3CBE9D0039DFE7 /* Debug */,
				B61E3DDA1F3CBE9D0039DFE7 /* Release */,
			);
			defaultConfigurationIsVisible = 0;
			defaultConfigurationName = Release;
		};
		B61E3DDB1F3CBE9D0039DFE7 /* Build configuration list for PBXNativeTarget "MoneyTargetTests" */ = {
			isa = XCConfigurationList;
			buildConfigurations = (
				B61E3DDC1F3CBE9D0039DFE7 /* Debug */,
				B61E3DDD1F3CBE9D0039DFE7 /* Release */,
			);
			defaultConfigurationIsVisible = 0;
			defaultConfigurationName = Release;
		};
		B61E3DDE1F3CBE9D0039DFE7 /* Build configuration list for PBXNativeTarget "MoneyTargetUITests" */ = {
			isa = XCConfigurationList;
			buildConfigurations = (
				B61E3DDF1F3CBE9D0039DFE7 /* Debug */,
				B61E3DE01F3CBE9D0039DFE7 /* Release */,
			);
			defaultConfigurationIsVisible = 0;
			defaultConfigurationName = Release;
		};
/* End XCConfigurationList section */

/* Begin XCVersionGroup section */
		B61E3DB71F3CBE9D0039DFE7 /* MoneyTarget.xcdatamodeld */ = {
			isa = XCVersionGroup;
			children = (
				B61E3DB81F3CBE9D0039DFE7 /* MoneyTarget.xcdatamodel */,
			);
			currentVersion = B61E3DB81F3CBE9D0039DFE7 /* MoneyTarget.xcdatamodel */;
			path = MoneyTarget.xcdatamodeld;
			sourceTree = "<group>";
			versionGroupType = wrapper.xcdatamodel;
		};
/* End XCVersionGroup section */
	};
	rootObject = B61E3DA51F3CBE9D0039DFE7 /* Project object */;
}
